
Microsoft Visual Studio Solution File, Format Version 12.00
# Visual Studio 2013
VisualStudioVersion = 12.0.31101.0
MinimumVisualStudioVersion = 10.0.40219.1
Project("{98a7a40d-6cb7-4f3e-9921-21752ee5a31d}") = "Grossenbier", "Grossenbier.csproj", "{d8ddac90-4623-4de2-8433-123d489bc150}"
EndProject
Global
	GlobalSection(SolutionConfigurationPlatforms) = preSolution
		Debug|Any CPU = Debug|Any CPU
		Release|Any CPU = Release|Any CPU
	EndGlobalSection
	GlobalSection(ProjectConfigurationPlatforms) = postSolution
		{d8ddac90-4623-4de2-8433-123d489bc150}.Debug|Any CPU.ActiveCfg = Debug|Any CPU
		{d8ddac90-4623-4de2-8433-123d489bc150}.Debug|Any CPU.Build.0 = Debug|Any CPU
		{d8ddac90-4623-4de2-8433-123d489bc150}.Release|Any CPU.ActiveCfg = Release|Any CPU
		{d8ddac90-4623-4de2-8433-123d489bc150}.Release|Any CPU.Build.0 = Release|Any CPU
	EndGlobalSection
	GlobalSection(SolutionProperties) = preSolution
		HideSolutionNode = FALSE
	EndGlobalSection
EndGlobal